
Microsoft Visual Studio Solution File, Format Version 12.00
# Visual Studio Version 16
VisualStudioVersion = 16.0.31515.178
MinimumVisualStudioVersion = 10.0.40219.1
Project("{FAE04EC0-301F-11D3-BF4B-00C04F79EFBC}") = "renovi", "renovi.csproj", "{03951EC0-18D0-4CA0-AA3A-32E238811368}"
EndProject
Global
	GlobalSection(SolutionConfigurationPlatforms) = preSolution
		Debug|Any CPU = Debug|Any CPU
		Release|Any CPU = Release|Any CPU
	EndGlobalSection
	GlobalSection(ProjectConfigurationPlatforms) = postSolution
		{03951EC0-18D0-4CA0-AA3A-32E238811368}.Debug|Any CPU.ActiveCfg = Debug|Any CPU
		{03951EC0-18D0-4CA0-AA3A-32E238811368}.Debug|Any CPU.Build.0 = Debug|Any CPU
		{03951EC0-18D0-4CA0-AA3A-32E238811368}.Release|Any CPU.ActiveCfg = Release|Any CPU
		{03951EC0-18D0-4CA0-AA3A-32E238811368}.Release|Any CPU.Build.0 = Release|Any CPU
	EndGlobalSection
	GlobalSection(SolutionProperties) = preSolution
		HideSolutionNode = FALSE
	EndGlobalSection
	GlobalSection(ExtensibilityGlobals) = postSolution
		SolutionGuid = {3B2830B9-709C-4017-91B9-6FAA571AFC53}
	EndGlobalSection
EndGlobal
